// !$*UTF8*$!
{
	archiveVersion = 1;
	classes = {
	};
	objectVersion = 50;
	objects = {

/* Begin PBXBuildFile section */
		5BCE491C24A0A18D00A92D3C /* AppDelegate.swift in Sources */ = {isa = PBXBuildFile; fileRef = 5BCE491B24A0A18D00A92D3C /* AppDelegate.swift */; };
		5BCE491E24A0A18D00A92D3C /* SceneDelegate.swift in Sources */ = {isa = PBXBuildFile; fileRef = 5BCE491D24A0A18D00A92D3C /* SceneDelegate.swift */; };
		5BCE492024A0A18D00A92D3C /* ViewController.swift in Sources */ = {isa = PBXBuildFile; fileRef = 5BCE491F24A0A18D00A92D3C /* ViewController.swift */; };
		5BCE492324A0A18D00A92D3C /* Main.storyboard in Resources */ = {isa = PBXBuildFile; fileRef = 5BCE492124A0A18D00A92D3C /* Main.storyboard */; };
		5BCE492524A0A19000A92D3C /* Assets.xcassets in Resources */ = {isa = PBXBuildFile; fileRef = 5BCE492424A0A19000A92D3C /* Assets.xcassets */; };
		5BCE492824A0A19000A92D3C /* LaunchScreen.storyboard in Resources */ = {isa = PBXBuildFile; fileRef = 5BCE492624A0A19000A92D3C /* LaunchScreen.storyboard */; };
		5BCE493324A0A19100A92D3C /* SecondAppIOSTests.swift in Sources */ = {isa = PBXBuildFile; fileRef = 5BCE493224A0A19100A92D3C /* SecondAppIOSTests.swift */; };
/* End PBXBuildFile section */

/* Begin PBXContainerItemProxy section */
		5BCE492F24A0A19100A92D3C /* PBXContainerItemProxy */ = {
			isa = PBXContainerItemProxy;
			containerPortal = 5BCE491024A0A18D00A92D3C /* Project object */;
			proxyType = 1;
			remoteGlobalIDString = 5BCE491724A0A18D00A92D3C;
			remoteInfo = SecondAppIOS;
		};
/* End PBXContainerItemProxy section */

/* Begin PBXFileReference section */
		5BCE491824A0A18D00A92D3C /* SecondAppIOS.app */ = {isa = PBXFileReference; explicitFileType = wrapper.application; includeInIndex = 0; path = SecondAppIOS.app; sourceTree = BUILT_PRODUCTS_DIR; };
		5BCE491B24A0A18D00A92D3C /* AppDelegate.swift */ = {isa = PBXFileReference; lastKnownFileType = sourcecode.swift; path = AppDelegate.swift; sourceTree = "<group>"; };
		5BCE491D24A0A18D00A92D3C /* SceneDelegate.swift */ = {isa = PBXFileReference; lastKnownFileType = sourcecode.swift; path = SceneDelegate.swift; sourceTree = "<group>"; };
		5BCE491F24A0A18D00A92D3C /* ViewController.swift */ = {isa = PBXFileReference; lastKnownFileType = sourcecode.swift; path = ViewController.swift; sourceTree = "<group>"; };
		5BCE492224A0A18D00A92D3C /* Base */ = {isa = PBXFileReference; lastKnownFileType = file.storyboard; name = Base; path = Base.lproj/Main.storyboard; sourceTree = "<group>"; };
		5BCE492424A0A19000A92D3C /* Assets.xcassets */ = {isa = PBXFileReference; lastKnownFileType = folder.assetcatalog; path = Assets.xcassets; sourceTree = "<group>"; };
		5BCE492724A0A19000A92D3C /* Base */ = {isa = PBXFileReference; lastKnownFileType = file.storyboard; name = Base; path = Base.lproj/LaunchScreen.storyboard; sourceTree = "<group>"; };
		5BCE492924A0A19000A92D3C /* Info.plist */ = {isa = PBXFileReference; lastKnownFileType = text.plist.xml; path = Info.plist; sourceTree = "<group>"; };
		5BCE492E24A0A19100A92D3C /* SecondAppIOSTests.xctest */ = {isa = PBXFileReference; explicitFileType = wrapper.cfbundle; includeInIndex = 0; path = SecondAppIOSTests.xctest; sourceTree = BUILT_PRODUCTS_DIR; };
		5BCE493224A0A19100A92D3C /* SecondAppIOSTests.swift */ = {isa = PBXFileReference; lastKnownFileType = sourcecode.swift; path = SecondAppIOSTests.swift; sourceTree = "<group>"; };
		5BCE493424A0A19100A92D3C /* Info.plist */ = {isa = PBXFileReference; lastKnownFileType = text.plist.xml; path = Info.plist; sourceTree = "<group>"; };
/* End PBXFileReference section */

/* Begin PBXFrameworksBuildPhase section */
		5BCE491524A0A18D00A92D3C /* Frameworks */ = {
			isa = PBXFrameworksBuildPhase;
			buildActionMask = 2147483647;
			files = (
			);
			runOnlyForDeploymentPostprocessing = 0;
		};
		5BCE492B24A0A19100A92D3C /* Frameworks */ = {
			isa = PBXFrameworksBuildPhase;
			buildActionMask = 2147483647;
			files = (
			);
			runOnlyForDeploymentPostprocessing = 0;
		};
/* End PBXFrameworksBuildPhase section */

/* Begin PBXGroup section */
		5BCE490F24A0A18D00A92D3C = {
			isa = PBXGroup;
			children = (
				5BCE491A24A0A18D00A92D3C /* SecondAppIOS */,
				5BCE493124A0A19100A92D3C /* SecondAppIOSTests */,
				5BCE491924A0A18D00A92D3C /* Products */,
			);
			sourceTree = "<group>";
		};
		5BCE491924A0A18D00A92D3C /* Products */ = {
			isa = PBXGroup;
			children = (
				5BCE491824A0A18D00A92D3C /* SecondAppIOS.app */,
				5BCE492E24A0A19100A92D3C /* SecondAppIOSTests.xctest */,
			);
			name = Products;
			sourceTree = "<group>";
		};
		5BCE491A24A0A18D00A92D3C /* SecondAppIOS */ = {
			isa = PBXGroup;
			children = (
				5BCE491B24A0A18D00A92D3C /* AppDelegate.swift */,
				5BCE491D24A0A18D00A92D3C /* SceneDelegate.swift */,
				5BCE491F24A0A18D00A92D3C /* ViewController.swift */,
				5BCE492124A0A18D00A92D3C /* Main.storyboard */,
				5BCE492424A0A19000A92D3C /* Assets.xcassets */,
				5BCE492624A0A19000A92D3C /* LaunchScreen.storyboard */,
				5BCE492924A0A19000A92D3C /* Info.plist */,
			);
			path = SecondAppIOS;
			sourceTree = "<group>";
		};
		5BCE493124A0A19100A92D3C /* SecondAppIOSTests */ = {
			isa = PBXGroup;
			children = (
				5BCE493224A0A19100A92D3C /* SecondAppIOSTests.swift */,
				5BCE493424A0A19100A92D3C /* Info.plist */,
			);
			path = SecondAppIOSTests;
			sourceTree = "<group>";
		};
/* End PBXGroup section */

/* Begin PBXNativeTarget section */
		5BCE491724A0A18D00A92D3C /* SecondAppIOS */ = {
			isa = PBXNativeTarget;
			buildConfigurationList = 5BCE493724A0A19100A92D3C /* Build configuration list for PBXNativeTarget "SecondAppIOS" */;
			buildPhases = (
				5BCE491424A0A18D00A92D3C /* Sources */,
				5BCE491524A0A18D00A92D3C /* Frameworks */,
				5BCE491624A0A18D00A92D3C /* Resources */,
			);
			buildRules = (
			);
			dependencies = (
			);
			name = SecondAppIOS;
			productName = SecondAppIOS;
			productReference = 5BCE491824A0A18D00A92D3C /* SecondAppIOS.app */;
			productType = "com.apple.product-type.application";
		};
		5BCE492D24A0A19100A92D3C /* SecondAppIOSTests */ = {
			isa = PBXNativeTarget;
			buildConfigurationList = 5BCE493A24A0A19100A92D3C /* Build configuration list for PBXNativeTarget "SecondAppIOSTests" */;
			buildPhases = (
				5BCE492A24A0A19100A92D3C /* Sources */,
				5BCE492B24A0A19100A92D3C /* Frameworks */,
				5BCE492C24A0A19100A92D3C /* Resources */,
			);
			buildRules = (
			);
			dependencies = (
				5BCE493024A0A19100A92D3C /* PBXTargetDependency */,
			);
			name = SecondAppIOSTests;
			productName = SecondAppIOSTests;
			productReference = 5BCE492E24A0A19100A92D3C /* SecondAppIOSTests.xctest */;
			productType = "com.apple.product-type.bundle.unit-test";
		};
/* End PBXNativeTarget section */

/* Begin PBXProject section */
		5BCE491024A0A18D00A92D3C /* Project object */ = {
			isa = PBXProject;
			attributes = {
				LastSwiftUpdateCheck = 1150;
				LastUpgradeCheck = 1150;
				ORGANIZATIONNAME = BaeSungHan;
				TargetAttributes = {
					5BCE491724A0A18D00A92D3C = {
						CreatedOnToolsVersion = 11.5;
					};
					5BCE492D24A0A19100A92D3C = {
						CreatedOnToolsVersion = 11.5;
						TestTargetID = 5BCE491724A0A18D00A92D3C;
					};
				};
			};
			buildConfigurationList = 5BCE491324A0A18D00A92D3C /* Build configuration list for PBXProject "SecondAppIOS" */;
			compatibilityVersion = "Xcode 9.3";
			developmentRegion = en;
			hasScannedForEncodings = 0;
			knownRegions = (
				en,
				Base,
			);
			mainGroup = 5BCE490F24A0A18D00A92D3C;
			productRefGroup = 5BCE491924A0A18D00A92D3C /* Products */;
			projectDirPath = "";
			projectRoot = "";
			targets = (
				5BCE491724A0A18D00A92D3C /* SecondAppIOS */,
				5BCE492D24A0A19100A92D3C /* SecondAppIOSTests */,
			);
		};
/* End PBXProject section */

/* Begin PBXResourcesBuildPhase section */
		5BCE491624A0A18D00A92D3C /* Resources */ = {
			isa = PBXResourcesBuildPhase;
			buildActionMask = 2147483647;
			files = (
				5BCE492824A0A19000A92D3C /* LaunchScreen.storyboard in Resources */,
				5BCE492524A0A19000A92D3C /* Assets.xcassets in Resources */,
				5BCE492324A0A18D00A92D3C /* Main.storyboard in Resources */,
			);
			runOnlyForDeploymentPostprocessing = 0;
		};
		5BCE492C24A0A19100A92D3C /* Resources */ = {
			isa = PBXResourcesBuildPhase;
			buildActionMask = 2147483647;
			files = (
			);
			runOnlyForDeploymentPostprocessing = 0;
		};
/* End PBXResourcesBuildPhase section */

/* Begin PBXSourcesBuildPhase section */
		5BCE491424A0A18D00A92D3C /* Sources */ = {
			isa = PBXSourcesBuildPhase;
			buildActionMask = 2147483647;
			files = (
				5BCE492024A0A18D00A92D3C /* ViewController.swift in Sources */,
				5BCE491C24A0A18D00A92D3C /* AppDelegate.swift in Sources */,
				5BCE491E24A0A18D00A92D3C /* SceneDelegate.swift in Sources */,
			);
			runOnlyForDeploymentPostprocessing = 0;
		};
		5BCE492A24A0A19100A92D3C /* Sources */ = {
			isa = PBXSourcesBuildPhase;
			buildActionMask = 2147483647;
			files = (
				5BCE493324A0A19100A92D3C /* SecondAppIOSTests.swift in Sources */,
			);
			runOnlyForDeploymentPostprocessing = 0;
		};
/* End PBXSourcesBuildPhase section */

/* Begin PBXTargetDependency section */
		5BCE493024A0A19100A92D3C /* PBXTargetDependency */ = {
			isa = PBXTargetDependency;
			target = 5BCE491724A0A18D00A92D3C /* SecondAppIOS */;
			targetProxy = 5BCE492F24A0A19100A92D3C /* PBXContainerItemProxy */;
		};
/* End PBXTargetDependency section */

/* Begin PBXVariantGroup section */
		5BCE492124A0A18D00A92D3C /* Main.storyboard */ = {
			isa = PBXVariantGroup;
			children = (
				5BCE492224A0A18D00A92D3C /* Base */,
			);
			name = Main.storyboard;
			sourceTree = "<group>";
		};
		5BCE492624A0A19000A92D3C /* LaunchScreen.storyboard */ = {
			isa = PBXVariantGroup;
			children = (
				5BCE492724A0A19000A92D3C /* Base */,
			);
			name = LaunchScreen.storyboard;
			sourceTree = "<group>";
		};
/* End PBXVariantGroup section */

/* Begin XCBuildConfiguration section */
		5BCE493524A0A19100A92D3C /* Debug */ = {
			isa = XCBuildConfiguration;
			buildSettings = {
				ALWAYS_SEARCH_USER_PATHS = NO;
				CLANG_ANALYZER_NONNULL = YES;
				CLANG_ANALYZER_NUMBER_OBJECT_CONVERSION = YES_AGGRESSIVE;
				CLANG_CXX_LANGUAGE_STANDARD = "gnu++14";
				CLANG_CXX_LIBRARY = "libc++";
				CLANG_ENABLE_MODULES = YES;
				CLANG_ENABLE_OBJC_ARC = YES;
				CLANG_ENABLE_OBJC_WEAK = YES;
				CLANG_WARN_BLOCK_CAPTURE_AUTORELEASING = YES;
				CLANG_WARN_BOOL_CONVERSION = YES;
				CLANG_WARN_COMMA = YES;
				CLANG_WARN_CONSTANT_CONVERSION = YES;
				CLANG_WARN_DEPRECATED_OBJC_IMPLEMENTATIONS = YES;
				CLANG_WARN_DIRECT_OBJC_ISA_USAGE = YES_ERROR;
				CLANG_WARN_DOCUMENTATION_COMMENTS = YES;
				CLANG_WARN_EMPTY_BODY = YES;
				CLANG_WARN_ENUM_CONVERSION = YES;
				CLANG_WARN_INFINITE_RECURSION = YES;
				CLANG_WARN_INT_CONVERSION = YES;
				CLANG_WARN_NON_LITERAL_NULL_CONVERSION = YES;
				CLANG_WARN_OBJC_IMPLICIT_RETAIN_SELF = YES;
				CLANG_WARN_OBJC_LITERAL_CONVERSION = YES;
				CLANG_WARN_OBJC_ROOT_CLASS = YES_ERROR;
				CLANG_WARN_RANGE_LOOP_ANALYSIS = YES;
				CLANG_WARN_STRICT_PROTOTYPES = YES;
				CLANG_WARN_SUSPICIOUS_MOVE = YES;
				CLANG_WARN_UNGUARDED_AVAILABILITY = YES_AGGRESSIVE;
				CLANG_WARN_UNREACHABLE_CODE = YES;
				CLANG_WARN__DUPLICATE_METHOD_MATCH = YES;
				COPY_PHASE_STRIP = NO;
				DEBUG_INFORMATION_FORMAT = dwarf;
				ENABLE_STRICT_OBJC_MSGSEND = YES;
				ENABLE_TESTABILITY = YES;
				GCC_C_LANGUAGE_STANDARD = gnu11;
				GCC_DYNAMIC_NO_PIC = NO;
				GCC_NO_COMMON_BLOCKS = YES;
				GCC_OPTIMIZATION_LEVEL = 0;
				GCC_PREPROCESSOR_DEFINITIONS = (
					"DEBUG=1",
					"$(inherited)",
				);
				GCC_WARN_64_TO_32_BIT_CONVERSION = YES;
				GCC_WARN_ABOUT_RETURN_TYPE = YES_ERROR;
				GCC_WARN_UNDECLARED_SELECTOR = YES;
				GCC_WARN_UNINITIALIZED_AUTOS = YES_AGGRESSIVE;
				GCC_WARN_UNUSED_FUNCTION = YES;
				GCC_WARN_UNUSED_VARIABLE = YES;
				IPHONEOS_DEPLOYMENT_TARGET = 13.5;
				MTL_ENABLE_DEBUG_INFO = INCLUDE_SOURCE;
				MTL_FAST_MATH = YES;
				ONLY_ACTIVE_ARCH = YES;
				SDKROOT = iphoneos;
				SWIFT_ACTIVE_COMPILATION_CONDITIONS = DEBUG;
				SWIFT_OPTIMIZATION_LEVEL = "-Onone";
			};
			name = Debug;
		};
		5BCE493624A0A19100A92D3C /* Release */ = {
			isa = XCBuildConfiguration;
			buildSettings = {
				ALWAYS_SEARCH_USER_PATHS = NO;
				CLANG_ANALYZER_NONNULL = YES;
				CLANG_ANALYZER_NUMBER_OBJECT_CONVERSION = YES_AGGRESSIVE;
				CLANG_CXX_LANGUAGE_STANDARD = "gnu++14";
				CLANG_CXX_LIBRARY = "libc++";
				CLANG_ENABLE_MODULES = YES;
				CLANG_ENABLE_OBJC_ARC = YES;
				CLANG_ENABLE_OBJC_WEAK = YES;
				CLANG_WARN_BLOCK_CAPTURE_AUTORELEASING = YES;
				CLANG_WARN_BOOL_CONVERSION = YES;
				CLANG_WARN_COMMA = YES;
				CLANG_WARN_CONSTANT_CONVERSION = YES;
				CLANG_WARN_DEPRECATED_OBJC_IMPLEMENTATIONS = YES;
				CLANG_WARN_DIRECT_OBJC_ISA_USAGE = YES_ERROR;
				CLANG_WARN_DOCUMENTATION_COMMENTS = YES;
				CLANG_WARN_EMPTY_BODY = YES;
				CLANG_WARN_ENUM_CONVERSION = YES;
				CLANG_WARN_INFINITE_RECURSION = YES;
				CLANG_WARN_INT_CONVERSION = YES;
				CLANG_WARN_NON_LITERAL_NULL_CONVERSION = YES;
				CLANG_WARN_OBJC_IMPLICIT_RETAIN_SELF = YES;
				CLANG_WARN_OBJC_LITERAL_CONVERSION = YES;
				CLANG_WARN_OBJC_ROOT_CLASS = YES_ERROR;
				CLANG_WARN_RANGE_LOOP_ANALYSIS = YES;
				CLANG_WARN_STRICT_PROTOTYPES = YES;
				CLANG_WARN_SUSPICIOUS_MOVE = YES;
				CLANG_WARN_UNGUARDED_AVAILABILITY = YES_AGGRESSIVE;
				CLANG_WARN_UNREACHABLE_CODE = YES;
				CLANG_WARN__DUPLICATE_METHOD_MATCH = YES;
				COPY_PHASE_STRIP = NO;
				DEBUG_INFORMATION_FORMAT = "dwarf-with-dsym";
				ENABLE_NS_ASSERTIONS = NO;
				ENABLE_STRICT_OBJC_MSGSEND = YES;
				GCC_C_LANGUAGE_STANDARD = gnu11;
				GCC_NO_COMMON_BLOCKS = YES;
				GCC_WARN_64_TO_32_BIT_CONVERSION = YES;
				GCC_WARN_ABOUT_RETURN_TYPE = YES_ERROR;
				GCC_WARN_UNDECLARED_SELECTOR = YES;
				GCC_WARN_UNINITIALIZED_AUTOS = YES_AGGRESSIVE;
				GCC_WARN_UNUSED_FUNCTION = YES;
				GCC_WARN_UNUSED_VARIABLE = YES;
				IPHONEOS_DEPLOYMENT_TARGET = 13.5;
				MTL_ENABLE_DEBUG_INFO = NO;
				MTL_FAST_MATH = YES;
				SDKROOT = iphoneos;
				SWIFT_COMPILATION_MODE = wholemodule;
				SWIFT_OPTIMIZATION_LEVEL = "-O";
				VALIDATE_PRODUCT = YES;
			};
			name = Release;
		};
		5BCE493824A0A19100A92D3C /* Debug */ = {
			isa = XCBuildConfiguration;
			buildSettings = {
				ASSETCATALOG_COMPILER_APPICON_NAME = AppIcon;
				CODE_SIGN_STYLE = Automatic;
				INFOPLIST_FILE = SecondAppIOS/Info.plist;
				LD_RUNPATH_SEARCH_PATHS = (
					"$(inherited)",
					"@executable_path/Frameworks",
				);
				PRODUCT_BUNDLE_IDENTIFIER = personal.SecondAppIOS;
				PRODUCT_NAME = "$(TARGET_NAME)";
				SWIFT_VERSION = 5.0;
				TARGETED_DEVICE_FAMILY = "1,2";
			};
			name = Debug;
		};
		5BCE493924A0A19100A92D3C /* Release */ = {
			isa = XCBuildConfiguration;
			buildSettings = {
				ASSETCATALOG_COMPILER_APPICON_NAME = AppIcon;
				CODE_SIGN_STYLE = Automatic;
				INFOPLIST_FILE = SecondAppIOS/Info.plist;
				LD_RUNPATH_SEARCH_PATHS = (
					"$(inherited)",
					"@executable_path/Frameworks",
				);
				PRODUCT_BUNDLE_IDENTIFIER = personal.SecondAppIOS;
				PRODUCT_NAME = "$(TARGET_NAME)";
				SWIFT_VERSION = 5.0;
				TARGETED_DEVICE_FAMILY = "1,2";
			};
			name = Release;
		};
		5BCE493B24A0A19100A92D3C /* Debug */ = {
			isa = XCBuildConfiguration;
			buildSettings = {
				ALWAYS_EMBED_SWIFT_STANDARD_LIBRARIES = YES;
				BUNDLE_LOADER = "$(TEST_HOST)";
				CODE_SIGN_STYLE = Automatic;
				INFOPLIST_FILE = SecondAppIOSTests/Info.plist;
				IPHONEOS_DEPLOYMENT_TARGET = 13.5;
				LD_RUNPATH_SEARCH_PATHS = (
					"$(inherited)",
					"@executable_path/Frameworks",
					"@loader_path/Frameworks",
				);
				PRODUCT_BUNDLE_IDENTIFIER = personal.SecondAppIOSTests;
				PRODUCT_NAME = "$(TARGET_NAME)";
				SWIFT_VERSION = 5.0;
				TARGETED_DEVICE_FAMILY = "1,2";
				TEST_HOST = "$(BUILT_PRODUCTS_DIR)/SecondAppIOS.app/SecondAppIOS";
			};
			name = Debug;
		};
		5BCE493C24A0A19100A92D3C /* Release */ = {
			isa = XCBuildConfiguration;
			buildSettings = {
				ALWAYS_EMBED_SWIFT_STANDARD_LIBRARIES = YES;
				BUNDLE_LOADER = "$(TEST_HOST)";
				CODE_SIGN_STYLE = Automatic;
				INFOPLIST_FILE = SecondAppIOSTests/Info.plist;
				IPHONEOS_DEPLOYMENT_TARGET = 13.5;
				LD_RUNPATH_SEARCH_PATHS = (
					"$(inherited)",
					"@executable_path/Frameworks",
					"@loader_path/Frameworks",
				);
				PRODUCT_BUNDLE_IDENTIFIER = personal.SecondAppIOSTests;
				PRODUCT_NAME = "$(TARGET_NAME)";
				SWIFT_VERSION = 5.0;
				TARGETED_DEVICE_FAMILY = "1,2";
				TEST_HOST = "$(BUILT_PRODUCTS_DIR)/SecondAppIOS.app/SecondAppIOS";
			};
			name = Release;
		};
/* End XCBuildConfiguration section */

/* Begin XCConfigurationList section */
		5BCE491324A0A18D00A92D3C /* Build configuration list for PBXProject "SecondAppIOS" */ = {
			isa = XCConfigurationList;
			buildConfigurations = (
				5BCE493524A0A19100A92D3C /* Debug */,
				5BCE493624A0A19100A92D3C /* Release */,
			);
			defaultConfigurationIsVisible = 0;
			defaultConfigurationName = Release;
		};
		5BCE493724A0A19100A92D3C /* Build configuration list for PBXNativeTarget "SecondAppIOS" */ = {
			isa = XCConfigurationList;
			buildConfigurations = (
				5BCE493824A0A19100A92D3C /* Debug */,
				5BCE493924A0A19100A92D3C /* Release */,
			);
			defaultConfigurationIsVisible = 0;
			defaultConfigurationName = Release;
		};
		5BCE493A24A0A19100A92D3C /* Build configuration list for PBXNativeTarget "SecondAppIOSTests" */ = {
			isa = XCConfigurationList;
			buildConfigurations = (
				5BCE493B24A0A19100A92D3C /* Debug */,
				5BCE493C24A0A19100A92D3C /* Release */,
			);
			defaultConfigurationIsVisible = 0;
			defaultConfigurationName = Release;
		};
/* End XCConfigurationList section */
	};
	rootObject = 5BCE491024A0A18D00A92D3C /* Project object */;
}
